
Microsoft Visual Studio Solution File, Format Version 12.00
# Visual Studio Version 17
VisualStudioVersion = 17.10.35004.147
MinimumVisualStudioVersion = 10.0.40219.1
Project("{FAE04EC0-301F-11D3-BF4B-00C04F79EFBC}") = "ejerciciosPoo", "ejerciciosPoo\ejerciciosPoo.csproj", "{3F32FE28-7D44-4597-88BF-CD0704307B19}"
EndProject
Global
	GlobalSection(SolutionConfigurationPlatforms) = preSolution
		Debug|Any CPU = Debug|Any CPU
		Release|Any CPU = Release|Any CPU
	EndGlobalSection
	GlobalSection(ProjectConfigurationPlatforms) = postSolution
		{3F32FE28-7D44-4597-88BF-CD0704307B19}.Debug|Any CPU.ActiveCfg = Debug|Any CPU
		{3F32FE28-7D44-4597-88BF-CD0704307B19}.Debug|Any CPU.Build.0 = Debug|Any CPU
		{3F32FE28-7D44-4597-88BF-CD0704307B19}.Release|Any CPU.ActiveCfg = Release|Any CPU
		{3F32FE28-7D44-4597-88BF-CD0704307B19}.Release|Any CPU.Build.0 = Release|Any CPU
	EndGlobalSection
	GlobalSection(SolutionProperties) = preSolution
		HideSolutionNode = FALSE
	EndGlobalSection
	GlobalSection(ExtensibilityGlobals) = postSolution
		SolutionGuid = {8EE76548-1640-4910-9C28-CD61201F8D82}
	EndGlobalSection
EndGlobal
