
Microsoft Visual Studio Solution File, Format Version 12.00
# Visual Studio Version 17
VisualStudioVersion = 17.10.35004.147
MinimumVisualStudioVersion = 10.0.40219.1
Project("{FAE04EC0-301F-11D3-BF4B-00C04F79EFBC}") = "ejercicioExamen", "ejercicioExamen\ejercicioExamen.csproj", "{E4C390F2-6785-47C9-A31E-0E3B38448FFA}"
EndProject
Global
	GlobalSection(SolutionConfigurationPlatforms) = preSolution
		Debug|Any CPU = Debug|Any CPU
		Release|Any CPU = Release|Any CPU
	EndGlobalSection
	GlobalSection(ProjectConfigurationPlatforms) = postSolution
		{E4C390F2-6785-47C9-A31E-0E3B38448FFA}.Debug|Any CPU.ActiveCfg = Debug|Any CPU
		{E4C390F2-6785-47C9-A31E-0E3B38448FFA}.Debug|Any CPU.Build.0 = Debug|Any CPU
		{E4C390F2-6785-47C9-A31E-0E3B38448FFA}.Release|Any CPU.ActiveCfg = Release|Any CPU
		{E4C390F2-6785-47C9-A31E-0E3B38448FFA}.Release|Any CPU.Build.0 = Release|Any CPU
	EndGlobalSection
	GlobalSection(SolutionProperties) = preSolution
		HideSolutionNode = FALSE
	EndGlobalSection
	GlobalSection(ExtensibilityGlobals) = postSolution
		SolutionGuid = {02162254-3B80-4851-9C76-C6A155EC0607}
	EndGlobalSection
EndGlobal
